
Microsoft Visual Studio Solution File, Format Version 12.00
# Visual Studio Version 17
VisualStudioVersion = 17.11.35222.181
MinimumVisualStudioVersion = 10.0.40219.1
Project("{9A19103F-16F7-4668-BE54-9A1E7A4F7556}") = "Sem2_Large-Systems", "Sem2_Large-Systems\Sem2_Large-Systems.csproj", "{80545490-F028-4680-87BA-AB4DA7F84307}"
EndProject
Project("{2150E333-8FDC-42A3-9474-1A3956D46DE8}") = "Solution Items", "Solution Items", "{A9DA94B5-2DC2-422D-977D-E32599DE6BF4}"
	ProjectSection(SolutionItems) = preProject
		.gitignore = .gitignore
	EndProjectSection
EndProject
Project("{FAE04EC0-301F-11D3-BF4B-00C04F79EFBC}") = "DataAccess", "DataAccess\DataAccess.csproj", "{1D7F4096-3C60-4DA2-835E-2C1740B8CBC1}"
EndProject
Global
	GlobalSection(SolutionConfigurationPlatforms) = preSolution
		Debug|Any CPU = Debug|Any CPU
		Release|Any CPU = Release|Any CPU
	EndGlobalSection
	GlobalSection(ProjectConfigurationPlatforms) = postSolution
		{80545490-F028-4680-87BA-AB4DA7F84307}.Debug|Any CPU.ActiveCfg = Debug|Any CPU
		{80545490-F028-4680-87BA-AB4DA7F84307}.Debug|Any CPU.Build.0 = Debug|Any CPU
		{80545490-F028-4680-87BA-AB4DA7F84307}.Release|Any CPU.ActiveCfg = Release|Any CPU
		{80545490-F028-4680-87BA-AB4DA7F84307}.Release|Any CPU.Build.0 = Release|Any CPU
		{1D7F4096-3C60-4DA2-835E-2C1740B8CBC1}.Debug|Any CPU.ActiveCfg = Debug|Any CPU
		{1D7F4096-3C60-4DA2-835E-2C1740B8CBC1}.Debug|Any CPU.Build.0 = Debug|Any CPU
		{1D7F4096-3C60-4DA2-835E-2C1740B8CBC1}.Release|Any CPU.ActiveCfg = Release|Any CPU
		{1D7F4096-3C60-4DA2-835E-2C1740B8CBC1}.Release|Any CPU.Build.0 = Release|Any CPU
	EndGlobalSection
	GlobalSection(SolutionProperties) = preSolution
		HideSolutionNode = FALSE
	EndGlobalSection
	GlobalSection(ExtensibilityGlobals) = postSolution
		SolutionGuid = {53670F32-3E11-48BB-B4DD-102EFC76C577}
	EndGlobalSection
EndGlobal
